
Microsoft Visual Studio Solution File, Format Version 12.00
# Visual Studio Version 16
VisualStudioVersion = 16.0.34031.81
MinimumVisualStudioVersion = 10.0.40219.1
Project("{2150E333-8FDC-42A3-9474-1A3956D46DE8}") = "Task0", "Task0", "{16A5D262-2BCD-4187-B36D-C1606433B5F2}"
EndProject
Project("{FAE04EC0-301F-11D3-BF4B-00C04F79EFBC}") = "Tyuiu.KomarovMA.Sprint0.Task0.V0", "Tyuiu.KomarovMA.Sprint0.Task0.V0\Tyuiu.KomarovMA.Sprint0.Task0.V0.csproj", "{3E22A45F-4F7F-45A9-B971-A26BBA0B2E92}"
EndProject
Project("{2150E333-8FDC-42A3-9474-1A3956D46DE8}") = "Task1", "Task1", "{53F6B3ED-ADE2-4C92-B119-99EE33FB371F}"
EndProject
Project("{FAE04EC0-301F-11D3-BF4B-00C04F79EFBC}") = "Tyuiu.KomarovMA.Sprint0.Task1.V0", "Tyuiu.KomarovMA.Sprint0.Task1.V0\Tyuiu.KomarovMA.Sprint0.Task1.V0.csproj", "{348B3C22-B7B3-4A11-A8D8-243154E8C539}"
EndProject
Global
	GlobalSection(SolutionConfigurationPlatforms) = preSolution
		Debug|Any CPU = Debug|Any CPU
		Release|Any CPU = Release|Any CPU
	EndGlobalSection
	GlobalSection(ProjectConfigurationPlatforms) = postSolution
		{3E22A45F-4F7F-45A9-B971-A26BBA0B2E92}.Debug|Any CPU.ActiveCfg = Debug|Any CPU
		{3E22A45F-4F7F-45A9-B971-A26BBA0B2E92}.Debug|Any CPU.Build.0 = Debug|Any CPU
		{3E22A45F-4F7F-45A9-B971-A26BBA0B2E92}.Release|Any CPU.ActiveCfg = Release|Any CPU
		{3E22A45F-4F7F-45A9-B971-A26BBA0B2E92}.Release|Any CPU.Build.0 = Release|Any CPU
		{348B3C22-B7B3-4A11-A8D8-243154E8C539}.Debug|Any CPU.ActiveCfg = Debug|Any CPU
		{348B3C22-B7B3-4A11-A8D8-243154E8C539}.Debug|Any CPU.Build.0 = Debug|Any CPU
		{348B3C22-B7B3-4A11-A8D8-243154E8C539}.Release|Any CPU.ActiveCfg = Release|Any CPU
		{348B3C22-B7B3-4A11-A8D8-243154E8C539}.Release|Any CPU.Build.0 = Release|Any CPU
	EndGlobalSection
	GlobalSection(SolutionProperties) = preSolution
		HideSolutionNode = FALSE
	EndGlobalSection
	GlobalSection(NestedProjects) = preSolution
		{3E22A45F-4F7F-45A9-B971-A26BBA0B2E92} = {16A5D262-2BCD-4187-B36D-C1606433B5F2}
		{348B3C22-B7B3-4A11-A8D8-243154E8C539} = {53F6B3ED-ADE2-4C92-B119-99EE33FB371F}
	EndGlobalSection
	GlobalSection(ExtensibilityGlobals) = postSolution
		SolutionGuid = {0284D28F-2D6C-495B-9361-E52D16A99C9B}
	EndGlobalSection
EndGlobal
